
Microsoft Visual Studio Solution File, Format Version 12.00
# Visual Studio Version 17
VisualStudioVersion = 17.8.34309.116
MinimumVisualStudioVersion = 10.0.40219.1
Project("{FAE04EC0-301F-11D3-BF4B-00C04F79EFBC}") = "Users.Api", "Users.Api\Users.Api.csproj", "{D76B0CB1-B4FB-4F1E-AA21-AD5E1E313061}"
EndProject
Global
	GlobalSection(SolutionConfigurationPlatforms) = preSolution
		Debug|Any CPU = Debug|Any CPU
		Release|Any CPU = Release|Any CPU
	EndGlobalSection
	GlobalSection(ProjectConfigurationPlatforms) = postSolution
		{D76B0CB1-B4FB-4F1E-AA21-AD5E1E313061}.Debug|Any CPU.ActiveCfg = Debug|Any CPU
		{D76B0CB1-B4FB-4F1E-AA21-AD5E1E313061}.Debug|Any CPU.Build.0 = Debug|Any CPU
		{D76B0CB1-B4FB-4F1E-AA21-AD5E1E313061}.Release|Any CPU.ActiveCfg = Release|Any CPU
		{D76B0CB1-B4FB-4F1E-AA21-AD5E1E313061}.Release|Any CPU.Build.0 = Release|Any CPU
	EndGlobalSection
	GlobalSection(SolutionProperties) = preSolution
		HideSolutionNode = FALSE
	EndGlobalSection
	GlobalSection(ExtensibilityGlobals) = postSolution
		SolutionGuid = {D1BC639A-06FD-4375-AADC-B0020126F09F}
	EndGlobalSection
EndGlobal
